
Microsoft Visual Studio Solution File, Format Version 12.00
# Visual Studio Version 16
VisualStudioVersion = 16.0.31624.102
MinimumVisualStudioVersion = 10.0.40219.1
Project("{FAE04EC0-301F-11D3-BF4B-00C04F79EFBC}") = "CircuitBreakerDemo", "CircuitBreakerDemo\CircuitBreakerDemo.csproj", "{01386EF7-0560-42A2-AFB5-D26847B24721}"
EndProject
Global
	GlobalSection(SolutionConfigurationPlatforms) = preSolution
		Debug|Any CPU = Debug|Any CPU
		Release|Any CPU = Release|Any CPU
	EndGlobalSection
	GlobalSection(ProjectConfigurationPlatforms) = postSolution
		{01386EF7-0560-42A2-AFB5-D26847B24721}.Debug|Any CPU.ActiveCfg = Debug|Any CPU
		{01386EF7-0560-42A2-AFB5-D26847B24721}.Debug|Any CPU.Build.0 = Debug|Any CPU
		{01386EF7-0560-42A2-AFB5-D26847B24721}.Release|Any CPU.ActiveCfg = Release|Any CPU
		{01386EF7-0560-42A2-AFB5-D26847B24721}.Release|Any CPU.Build.0 = Release|Any CPU
	EndGlobalSection
	GlobalSection(SolutionProperties) = preSolution
		HideSolutionNode = FALSE
	EndGlobalSection
	GlobalSection(ExtensibilityGlobals) = postSolution
		SolutionGuid = {EC01E445-B3B0-4D7D-A240-55266C941A64}
	EndGlobalSection
EndGlobal
